
Microsoft Visual Studio Solution File, Format Version 12.00
# Visual Studio Version 16
VisualStudioVersion = 16.0.30804.86
MinimumVisualStudioVersion = 10.0.40219.1
Project("{FAE04EC0-301F-11D3-BF4B-00C04F79EFBC}") = "Day2_MVC_ITI", "Day2_MVC_ITI\Day2_MVC_ITI.csproj", "{CE951EBC-65BB-4555-BD96-457BFFFBEE9B}"
EndProject
Global
	GlobalSection(SolutionConfigurationPlatforms) = preSolution
		Debug|Any CPU = Debug|Any CPU
		Release|Any CPU = Release|Any CPU
	EndGlobalSection
	GlobalSection(ProjectConfigurationPlatforms) = postSolution
		{CE951EBC-65BB-4555-BD96-457BFFFBEE9B}.Debug|Any CPU.ActiveCfg = Debug|Any CPU
		{CE951EBC-65BB-4555-BD96-457BFFFBEE9B}.Debug|Any CPU.Build.0 = Debug|Any CPU
		{CE951EBC-65BB-4555-BD96-457BFFFBEE9B}.Release|Any CPU.ActiveCfg = Release|Any CPU
		{CE951EBC-65BB-4555-BD96-457BFFFBEE9B}.Release|Any CPU.Build.0 = Release|Any CPU
	EndGlobalSection
	GlobalSection(SolutionProperties) = preSolution
		HideSolutionNode = FALSE
	EndGlobalSection
	GlobalSection(ExtensibilityGlobals) = postSolution
		SolutionGuid = {C0A5C36C-0FCD-4CE8-8A83-52D2947250A7}
	EndGlobalSection
EndGlobal
